// !$*UTF8*$!
{
	archiveVersion = 1;
	classes = {
	};
	objectVersion = 56;
	objects = {

/* Begin PBXBuildFile section */
		63027BB6292614C600614235 /* AppDelegate.swift in Sources */ = {isa = PBXBuildFile; fileRef = 63027BB5292614C600614235 /* AppDelegate.swift */; };
		63027BB8292614C600614235 /* SceneDelegate.swift in Sources */ = {isa = PBXBuildFile; fileRef = 63027BB7292614C600614235 /* SceneDelegate.swift */; };
		63027BBA292614C600614235 /* ViewController.swift in Sources */ = {isa = PBXBuildFile; fileRef = 63027BB9292614C600614235 /* ViewController.swift */; };
		63027BBD292614C600614235 /* Main.storyboard in Resources */ = {isa = PBXBuildFile; fileRef = 63027BBB292614C600614235 /* Main.storyboard */; };
		63027BBF292614C700614235 /* Assets.xcassets in Resources */ = {isa = PBXBuildFile; fileRef = 63027BBE292614C700614235 /* Assets.xcassets */; };
		63027BC2292614C700614235 /* LaunchScreen.storyboard in Resources */ = {isa = PBXBuildFile; fileRef = 63027BC0292614C700614235 /* LaunchScreen.storyboard */; };
		63027BCA2926155E00614235 /* Renderer.swift in Sources */ = {isa = PBXBuildFile; fileRef = 63027BC92926155E00614235 /* Renderer.swift */; };
		63027BCC2926170A00614235 /* Shader.metal in Sources */ = {isa = PBXBuildFile; fileRef = 63027BCB2926170A00614235 /* Shader.metal */; };
		634B5D5C29262F1800590A74 /* simpleMesh.swift in Sources */ = {isa = PBXBuildFile; fileRef = 634B5D5B29262F1800590A74 /* simpleMesh.swift */; };
		634B5D5E29262F6B00590A74 /* MdlMesh.swift in Sources */ = {isa = PBXBuildFile; fileRef = 634B5D5D29262F6B00590A74 /* MdlMesh.swift */; };
		634B5D60292639D900590A74 /* SIMD_Extension.swift in Sources */ = {isa = PBXBuildFile; fileRef = 634B5D5F292639D900590A74 /* SIMD_Extension.swift */; };
/* End PBXBuildFile section */

/* Begin PBXFileReference section */
		63027BB2292614C600614235 /* mdl&mtkmesh_day12.app */ = {isa = PBXFileReference; explicitFileType = wrapper.application; includeInIndex = 0; path = "mdl&mtkmesh_day12.app"; sourceTree = BUILT_PRODUCTS_DIR; };
		63027BB5292614C600614235 /* AppDelegate.swift */ = {isa = PBXFileReference; lastKnownFileType = sourcecode.swift; path = AppDelegate.swift; sourceTree = "<group>"; };
		63027BB7292614C600614235 /* SceneDelegate.swift */ = {isa = PBXFileReference; lastKnownFileType = sourcecode.swift; path = SceneDelegate.swift; sourceTree = "<group>"; };
		63027BB9292614C600614235 /* ViewController.swift */ = {isa = PBXFileReference; lastKnownFileType = sourcecode.swift; path = ViewController.swift; sourceTree = "<group>"; };
		63027BBC292614C600614235 /* Base */ = {isa = PBXFileReference; lastKnownFileType = file.storyboard; name = Base; path = Base.lproj/Main.storyboard; sourceTree = "<group>"; };
		63027BBE292614C700614235 /* Assets.xcassets */ = {isa = PBXFileReference; lastKnownFileType = folder.assetcatalog; path = Assets.xcassets; sourceTree = "<group>"; };
		63027BC1292614C700614235 /* Base */ = {isa = PBXFileReference; lastKnownFileType = file.storyboard; name = Base; path = Base.lproj/LaunchScreen.storyboard; sourceTree = "<group>"; };
		63027BC3292614C700614235 /* Info.plist */ = {isa = PBXFileReference; lastKnownFileType = text.plist.xml; path = Info.plist; sourceTree = "<group>"; };
		63027BC92926155E00614235 /* Renderer.swift */ = {isa = PBXFileReference; lastKnownFileType = sourcecode.swift; path = Renderer.swift; sourceTree = "<group>"; };
		63027BCB2926170A00614235 /* Shader.metal */ = {isa = PBXFileReference; lastKnownFileType = sourcecode.metal; path = Shader.metal; sourceTree = "<group>"; };
		634B5D5B29262F1800590A74 /* simpleMesh.swift */ = {isa = PBXFileReference; lastKnownFileType = sourcecode.swift; path = simpleMesh.swift; sourceTree = "<group>"; };
		634B5D5D29262F6B00590A74 /* MdlMesh.swift */ = {isa = PBXFileReference; lastKnownFileType = sourcecode.swift; path = MdlMesh.swift; sourceTree = "<group>"; };
		634B5D5F292639D900590A74 /* SIMD_Extension.swift */ = {isa = PBXFileReference; lastKnownFileType = sourcecode.swift; path = SIMD_Extension.swift; sourceTree = "<group>"; };
/* End PBXFileReference section */

/* Begin PBXFrameworksBuildPhase section */
		63027BAF292614C600614235 /* Frameworks */ = {
			isa = PBXFrameworksBuildPhase;
			buildActionMask = 2147483647;
			files = (
			);
			runOnlyForDeploymentPostprocessing = 0;
		};
/* End PBXFrameworksBuildPhase section */

/* Begin PBXGroup section */
		63027BA9292614C600614235 = {
			isa = PBXGroup;
			children = (
				63027BB4292614C600614235 /* mdl&mtkmesh_day12 */,
				63027BB3292614C600614235 /* Products */,
			);
			sourceTree = "<group>";
		};
		63027BB3292614C600614235 /* Products */ = {
			isa = PBXGroup;
			children = (
				63027BB2292614C600614235 /* mdl&mtkmesh_day12.app */,
			);
			name = Products;
			sourceTree = "<group>";
		};
		63027BB4292614C600614235 /* mdl&mtkmesh_day12 */ = {
			isa = PBXGroup;
			children = (
				63027BB5292614C600614235 /* AppDelegate.swift */,
				63027BB7292614C600614235 /* SceneDelegate.swift */,
				63027BB9292614C600614235 /* ViewController.swift */,
				63027BBB292614C600614235 /* Main.storyboard */,
				63027BBE292614C700614235 /* Assets.xcassets */,
				63027BC0292614C700614235 /* LaunchScreen.storyboard */,
				63027BC3292614C700614235 /* Info.plist */,
				63027BC92926155E00614235 /* Renderer.swift */,
				63027BCB2926170A00614235 /* Shader.metal */,
				634B5D5B29262F1800590A74 /* simpleMesh.swift */,
				634B5D5D29262F6B00590A74 /* MdlMesh.swift */,
				634B5D5F292639D900590A74 /* SIMD_Extension.swift */,
			);
			path = "mdl&mtkmesh_day12";
			sourceTree = "<group>";
		};
/* End PBXGroup section */

/* Begin PBXNativeTarget section */
		63027BB1292614C600614235 /* mdl&mtkmesh_day12 */ = {
			isa = PBXNativeTarget;
			buildConfigurationList = 63027BC6292614C700614235 /* Build configuration list for PBXNativeTarget "mdl&mtkmesh_day12" */;
			buildPhases = (
				63027BAE292614C600614235 /* Sources */,
				63027BAF292614C600614235 /* Frameworks */,
				63027BB0292614C600614235 /* Resources */,
			);
			buildRules = (
			);
			dependencies = (
			);
			name = "mdl&mtkmesh_day12";
			productName = "mdl&mtkmesh_day12";
			productReference = 63027BB2292614C600614235 /* mdl&mtkmesh_day12.app */;
			productType = "com.apple.product-type.application";
		};
/* End PBXNativeTarget section */

/* Begin PBXProject section */
		63027BAA292614C600614235 /* Project object */ = {
			isa = PBXProject;
			attributes = {
				BuildIndependentTargetsInParallel = 1;
				LastSwiftUpdateCheck = 1410;
				LastUpgradeCheck = 1410;
				TargetAttributes = {
					63027BB1292614C600614235 = {
						CreatedOnToolsVersion = 14.1;
					};
				};
			};
			buildConfigurationList = 63027BAD292614C600614235 /* Build configuration list for PBXProject "mdl&mtkmesh_day12" */;
			compatibilityVersion = "Xcode 14.0";
			developmentRegion = en;
			hasScannedForEncodings = 0;
			knownRegions = (
				en,
				Base,
			);
			mainGroup = 63027BA9292614C600614235;
			productRefGroup = 63027BB3292614C600614235 /* Products */;
			projectDirPath = "";
			projectRoot = "";
			targets = (
				63027BB1292614C600614235 /* mdl&mtkmesh_day12 */,
			);
		};
/* End PBXProject section */

/* Begin PBXResourcesBuildPhase section */
		63027BB0292614C600614235 /* Resources */ = {
			isa = PBXResourcesBuildPhase;
			buildActionMask = 2147483647;
			files = (
				63027BC2292614C700614235 /* LaunchScreen.storyboard in Resources */,
				63027BBF292614C700614235 /* Assets.xcassets in Resources */,
				63027BBD292614C600614235 /* Main.storyboard in Resources */,
			);
			runOnlyForDeploymentPostprocessing = 0;
		};
/* End PBXResourcesBuildPhase section */

/* Begin PBXSourcesBuildPhase section */
		63027BAE292614C600614235 /* Sources */ = {
			isa = PBXSourcesBuildPhase;
			buildActionMask = 2147483647;
			files = (
				634B5D60292639D900590A74 /* SIMD_Extension.swift in Sources */,
				634B5D5C29262F1800590A74 /* simpleMesh.swift in Sources */,
				63027BCA2926155E00614235 /* Renderer.swift in Sources */,
				63027BBA292614C600614235 /* ViewController.swift in Sources */,
				634B5D5E29262F6B00590A74 /* MdlMesh.swift in Sources */,
				63027BB6292614C600614235 /* AppDelegate.swift in Sources */,
				63027BCC2926170A00614235 /* Shader.metal in Sources */,
				63027BB8292614C600614235 /* SceneDelegate.swift in Sources */,
			);
			runOnlyForDeploymentPostprocessing = 0;
		};
/* End PBXSourcesBuildPhase section */

/* Begin PBXVariantGroup section */
		63027BBB292614C600614235 /* Main.storyboard */ = {
			isa = PBXVariantGroup;
			children = (
				63027BBC292614C600614235 /* Base */,
			);
			name = Main.storyboard;
			sourceTree = "<group>";
		};
		63027BC0292614C700614235 /* LaunchScreen.storyboard */ = {
			isa = PBXVariantGroup;
			children = (
				63027BC1292614C700614235 /* Base */,
			);
			name = LaunchScreen.storyboard;
			sourceTree = "<group>";
		};
/* End PBXVariantGroup section */

/* Begin XCBuildConfiguration section */
		63027BC4292614C700614235 /* Debug */ = {
			isa = XCBuildConfiguration;
			buildSettings = {
				ALWAYS_SEARCH_USER_PATHS = NO;
				CLANG_ANALYZER_NONNULL = YES;
				CLANG_ANALYZER_NUMBER_OBJECT_CONVERSION = YES_AGGRESSIVE;
				CLANG_CXX_LANGUAGE_STANDARD = "gnu++20";
				CLANG_ENABLE_MODULES = YES;
				CLANG_ENABLE_OBJC_ARC = YES;
				CLANG_ENABLE_OBJC_WEAK = YES;
				CLANG_WARN_BLOCK_CAPTURE_AUTORELEASING = YES;
				CLANG_WARN_BOOL_CONVERSION = YES;
				CLANG_WARN_COMMA = YES;
				CLANG_WARN_CONSTANT_CONVERSION = YES;
				CLANG_WARN_DEPRECATED_OBJC_IMPLEMENTATIONS = YES;
				CLANG_WARN_DIRECT_OBJC_ISA_USAGE = YES_ERROR;
				CLANG_WARN_DOCUMENTATION_COMMENTS = YES;
				CLANG_WARN_EMPTY_BODY = YES;
				CLANG_WARN_ENUM_CONVERSION = YES;
				CLANG_WARN_INFINITE_RECURSION = YES;
				CLANG_WARN_INT_CONVERSION = YES;
				CLANG_WARN_NON_LITERAL_NULL_CONVERSION = YES;
				CLANG_WARN_OBJC_IMPLICIT_RETAIN_SELF = YES;
				CLANG_WARN_OBJC_LITERAL_CONVERSION = YES;
				CLANG_WARN_OBJC_ROOT_CLASS = YES_ERROR;
				CLANG_WARN_QUOTED_INCLUDE_IN_FRAMEWORK_HEADER = YES;
				CLANG_WARN_RANGE_LOOP_ANALYSIS = YES;
				CLANG_WARN_STRICT_PROTOTYPES = YES;
				CLANG_WARN_SUSPICIOUS_MOVE = YES;
				CLANG_WARN_UNGUARDED_AVAILABILITY = YES_AGGRESSIVE;
				CLANG_WARN_UNREACHABLE_CODE = YES;
				CLANG_WARN__DUPLICATE_METHOD_MATCH = YES;
				COPY_PHASE_STRIP = NO;
				DEBUG_INFORMATION_FORMAT = dwarf;
				ENABLE_STRICT_OBJC_MSGSEND = YES;
				ENABLE_TESTABILITY = YES;
				GCC_C_LANGUAGE_STANDARD = gnu11;
				GCC_DYNAMIC_NO_PIC = NO;
				GCC_NO_COMMON_BLOCKS = YES;
				GCC_OPTIMIZATION_LEVEL = 0;
				GCC_PREPROCESSOR_DEFINITIONS = (
					"DEBUG=1",
					"$(inherited)",
				);
				GCC_WARN_64_TO_32_BIT_CONVERSION = YES;
				GCC_WARN_ABOUT_RETURN_TYPE = YES_ERROR;
				GCC_WARN_UNDECLARED_SELECTOR = YES;
				GCC_WARN_UNINITIALIZED_AUTOS = YES_AGGRESSIVE;
				GCC_WARN_UNUSED_FUNCTION = YES;
				GCC_WARN_UNUSED_VARIABLE = YES;
				IPHONEOS_DEPLOYMENT_TARGET = 16.1;
				MTL_ENABLE_DEBUG_INFO = INCLUDE_SOURCE;
				MTL_FAST_MATH = YES;
				ONLY_ACTIVE_ARCH = YES;
				SDKROOT = iphoneos;
				SWIFT_ACTIVE_COMPILATION_CONDITIONS = DEBUG;
				SWIFT_OPTIMIZATION_LEVEL = "-Onone";
			};
			name = Debug;
		};
		63027BC5292614C700614235 /* Release */ = {
			isa = XCBuildConfiguration;
			buildSettings = {
				ALWAYS_SEARCH_USER_PATHS = NO;
				CLANG_ANALYZER_NONNULL = YES;
				CLANG_ANALYZER_NUMBER_OBJECT_CONVERSION = YES_AGGRESSIVE;
				CLANG_CXX_LANGUAGE_STANDARD = "gnu++20";
				CLANG_ENABLE_MODULES = YES;
				CLANG_ENABLE_OBJC_ARC = YES;
				CLANG_ENABLE_OBJC_WEAK = YES;
				CLANG_WARN_BLOCK_CAPTURE_AUTORELEASING = YES;
				CLANG_WARN_BOOL_CONVERSION = YES;
				CLANG_WARN_COMMA = YES;
				CLANG_WARN_CONSTANT_CONVERSION = YES;
				CLANG_WARN_DEPRECATED_OBJC_IMPLEMENTATIONS = YES;
				CLANG_WARN_DIRECT_OBJC_ISA_USAGE = YES_ERROR;
				CLANG_WARN_DOCUMENTATION_COMMENTS = YES;
				CLANG_WARN_EMPTY_BODY = YES;
				CLANG_WARN_ENUM_CONVERSION = YES;
				CLANG_WARN_INFINITE_RECURSION = YES;
				CLANG_WARN_INT_CONVERSION = YES;
				CLANG_WARN_NON_LITERAL_NULL_CONVERSION = YES;
				CLANG_WARN_OBJC_IMPLICIT_RETAIN_SELF = YES;
				CLANG_WARN_OBJC_LITERAL_CONVERSION = YES;
				CLANG_WARN_OBJC_ROOT_CLASS = YES_ERROR;
				CLANG_WARN_QUOTED_INCLUDE_IN_FRAMEWORK_HEADER = YES;
				CLANG_WARN_RANGE_LOOP_ANALYSIS = YES;
				CLANG_WARN_STRICT_PROTOTYPES = YES;
				CLANG_WARN_SUSPICIOUS_MOVE = YES;
				CLANG_WARN_UNGUARDED_AVAILABILITY = YES_AGGRESSIVE;
				CLANG_WARN_UNREACHABLE_CODE = YES;
				CLANG_WARN__DUPLICATE_METHOD_MATCH = YES;
				COPY_PHASE_STRIP = NO;
				DEBUG_INFORMATION_FORMAT = "dwarf-with-dsym";
				ENABLE_NS_ASSERTIONS = NO;
				ENABLE_STRICT_OBJC_MSGSEND = YES;
				GCC_C_LANGUAGE_STANDARD = gnu11;
				GCC_NO_COMMON_BLOCKS = YES;
				GCC_WARN_64_TO_32_BIT_CONVERSION = YES;
				GCC_WARN_ABOUT_RETURN_TYPE = YES_ERROR;
				GCC_WARN_UNDECLARED_SELECTOR = YES;
				GCC_WARN_UNINITIALIZED_AUTOS = YES_AGGRESSIVE;
				GCC_WARN_UNUSED_FUNCTION = YES;
				GCC_WARN_UNUSED_VARIABLE = YES;
				IPHONEOS_DEPLOYMENT_TARGET = 16.1;
				MTL_ENABLE_DEBUG_INFO = NO;
				MTL_FAST_MATH = YES;
				SDKROOT = iphoneos;
				SWIFT_COMPILATION_MODE = wholemodule;
				SWIFT_OPTIMIZATION_LEVEL = "-O";
				VALIDATE_PRODUCT = YES;
			};
			name = Release;
		};
		63027BC7292614C700614235 /* Debug */ = {
			isa = XCBuildConfiguration;
			buildSettings = {
				ASSETCATALOG_COMPILER_APPICON_NAME = AppIcon;
				ASSETCATALOG_COMPILER_GLOBAL_ACCENT_COLOR_NAME = AccentColor;
				CODE_SIGN_STYLE = Automatic;
				CURRENT_PROJECT_VERSION = 1;
				DEVELOPMENT_TEAM = 3W9F68ZTUJ;
				GENERATE_INFOPLIST_FILE = YES;
				INFOPLIST_FILE = "mdl&mtkmesh_day12/Info.plist";
				INFOPLIST_KEY_UIApplicationSupportsIndirectInputEvents = YES;
				INFOPLIST_KEY_UILaunchStoryboardName = LaunchScreen;
				INFOPLIST_KEY_UIMainStoryboardFile = Main;
				INFOPLIST_KEY_UISupportedInterfaceOrientations_iPad = "UIInterfaceOrientationPortrait UIInterfaceOrientationPortraitUpsideDown UIInterfaceOrientationLandscapeLeft UIInterfaceOrientationLandscapeRight";
				INFOPLIST_KEY_UISupportedInterfaceOrientations_iPhone = "UIInterfaceOrientationPortrait UIInterfaceOrientationLandscapeLeft UIInterfaceOrientationLandscapeRight";
				LD_RUNPATH_SEARCH_PATHS = (
					"$(inherited)",
					"@executable_path/Frameworks",
				);
				MARKETING_VERSION = 1.0;
				PRODUCT_BUNDLE_IDENTIFIER = "ii.mdl-mtkmesh-day12";
				PRODUCT_NAME = "$(TARGET_NAME)";
				SWIFT_EMIT_LOC_STRINGS = YES;
				SWIFT_VERSION = 5.0;
				TARGETED_DEVICE_FAMILY = "1,2";
			};
			name = Debug;
		};
		63027BC8292614C700614235 /* Release */ = {
			isa = XCBuildConfiguration;
			buildSettings = {
				ASSETCATALOG_COMPILER_APPICON_NAME = AppIcon;
				ASSETCATALOG_COMPILER_GLOBAL_ACCENT_COLOR_NAME = AccentColor;
				CODE_SIGN_STYLE = Automatic;
				CURRENT_PROJECT_VERSION = 1;
				DEVELOPMENT_TEAM = 3W9F68ZTUJ;
				GENERATE_INFOPLIST_FILE = YES;
				INFOPLIST_FILE = "mdl&mtkmesh_day12/Info.plist";
				INFOPLIST_KEY_UIApplicationSupportsIndirectInputEvents = YES;
				INFOPLIST_KEY_UILaunchStoryboardName = LaunchScreen;
				INFOPLIST_KEY_UIMainStoryboardFile = Main;
				INFOPLIST_KEY_UISupportedInterfaceOrientations_iPad = "UIInterfaceOrientationPortrait UIInterfaceOrientationPortraitUpsideDown UIInterfaceOrientationLandscapeLeft UIInterfaceOrientationLandscapeRight";
				INFOPLIST_KEY_UISupportedInterfaceOrientations_iPhone = "UIInterfaceOrientationPortrait UIInterfaceOrientationLandscapeLeft UIInterfaceOrientationLandscapeRight";
				LD_RUNPATH_SEARCH_PATHS = (
					"$(inherited)",
					"@executable_path/Frameworks",
				);
				MARKETING_VERSION = 1.0;
				PRODUCT_BUNDLE_IDENTIFIER = "ii.mdl-mtkmesh-day12";
				PRODUCT_NAME = "$(TARGET_NAME)";
				SWIFT_EMIT_LOC_STRINGS = YES;
				SWIFT_VERSION = 5.0;
				TARGETED_DEVICE_FAMILY = "1,2";
			};
			name = Release;
		};
/* End XCBuildConfiguration section */

/* Begin XCConfigurationList section */
		63027BAD292614C600614235 /* Build configuration list for PBXProject "mdl&mtkmesh_day12" */ = {
			isa = XCConfigurationList;
			buildConfigurations = (
				63027BC4292614C700614235 /* Debug */,
				63027BC5292614C700614235 /* Release */,
			);
			defaultConfigurationIsVisible = 0;
			defaultConfigurationName = Release;
		};
		63027BC6292614C700614235 /* Build configuration list for PBXNativeTarget "mdl&mtkmesh_day12" */ = {
			isa = XCConfigurationList;
			buildConfigurations = (
				63027BC7292614C700614235 /* Debug */,
				63027BC8292614C700614235 /* Release */,
			);
			defaultConfigurationIsVisible = 0;
			defaultConfigurationName = Release;
		};
/* End XCConfigurationList section */
	};
	rootObject = 63027BAA292614C600614235 /* Project object */;
}
